// !$*UTF8*$!
{
	archiveVersion = 1;
	classes = {
	};
	objectVersion = 46;
	objects = {

/* Begin PBXBuildFile section */
		654980C914749C47008369C3 /* favs-icon.png in Resources */ = {isa = PBXBuildFile; fileRef = 654980BE14749C47008369C3 /* favs-icon.png */; };
		654980CA14749C47008369C3 /* favs-icon@2x.png in Resources */ = {isa = PBXBuildFile; fileRef = 654980BF14749C47008369C3 /* favs-icon@2x.png */; };
		654980CB14749C47008369C3 /* Icon-72.png in Resources */ = {isa = PBXBuildFile; fileRef = 654980C014749C47008369C3 /* Icon-72.png */; };
		654980CC14749C47008369C3 /* Icon-Small-50.png in Resources */ = {isa = PBXBuildFile; fileRef = 654980C114749C47008369C3 /* Icon-Small-50.png */; };
		654980CD14749C47008369C3 /* Icon-Small.png in Resources */ = {isa = PBXBuildFile; fileRef = 654980C214749C47008369C3 /* Icon-Small.png */; };
		654980CE14749C47008369C3 /* Icon-Small@2x.png in Resources */ = {isa = PBXBuildFile; fileRef = 654980C314749C47008369C3 /* Icon-Small@2x.png */; };
		654980CF14749C47008369C3 /* Icon.png in Resources */ = {isa = PBXBuildFile; fileRef = 654980C414749C47008369C3 /* Icon.png */; };
		654980D014749C47008369C3 /* Icon@2x.png in Resources */ = {isa = PBXBuildFile; fileRef = 654980C514749C47008369C3 /* Icon@2x.png */; };
		654980D114749C47008369C3 /* iTunesArtwork in Resources */ = {isa = PBXBuildFile; fileRef = 654980C614749C47008369C3 /* iTunesArtwork */; };
		654980D214749C47008369C3 /* favs-icon.png in Resources */ = {isa = PBXBuildFile; fileRef = 654980C814749C47008369C3 /* favs-icon.png */; };
		654980D414749DE4008369C3 /* Icon.png in Resources */ = {isa = PBXBuildFile; fileRef = 654980D314749DE4008369C3 /* Icon.png */; };
		654980D614749DEA008369C3 /* Icon@2x.png in Resources */ = {isa = PBXBuildFile; fileRef = 654980D514749DEA008369C3 /* Icon@2x.png */; };
		654980D81474A2D9008369C3 /* Default.png in Resources */ = {isa = PBXBuildFile; fileRef = 654980D71474A2D9008369C3 /* Default.png */; };
		654980DA1474A2DB008369C3 /* Default@2x.png in Resources */ = {isa = PBXBuildFile; fileRef = 654980D91474A2DB008369C3 /* Default@2x.png */; };
		654980E014758FD1008369C3 /* white_sand.png in Resources */ = {isa = PBXBuildFile; fileRef = 654980DF14758FD1008369C3 /* white_sand.png */; };
		654980E214758FDE008369C3 /* wood_1.png in Resources */ = {isa = PBXBuildFile; fileRef = 654980E114758FDE008369C3 /* wood_1.png */; };
		654980E414758FFB008369C3 /* white_texture.png in Resources */ = {isa = PBXBuildFile; fileRef = 654980E314758FFB008369C3 /* white_texture.png */; };
		654980FB1475AD15008369C3 /* postpicbuttonbg_button_highlight.png in Resources */ = {isa = PBXBuildFile; fileRef = 654980F91475AD15008369C3 /* postpicbuttonbg_button_highlight.png */; };
		654980FC1475AD15008369C3 /* postpicbuttonbg_button.png in Resources */ = {isa = PBXBuildFile; fileRef = 654980FA1475AD15008369C3 /* postpicbuttonbg_button.png */; };
		654980FF1475B312008369C3 /* MBProgressHUD.m in Sources */ = {isa = PBXBuildFile; fileRef = 654980FE1475B312008369C3 /* MBProgressHUD.m */; settings = {COMPILER_FLAGS = "-fno-objc-arc"; }; };
		654981071476C1E4008369C3 /* GlobalFeedViewController.m in Sources */ = {isa = PBXBuildFile; fileRef = 654981061476C1E4008369C3 /* GlobalFeedViewController.m */; };
		6549810A1476C325008369C3 /* PicViewController.m in Sources */ = {isa = PBXBuildFile; fileRef = 654981091476C325008369C3 /* PicViewController.m */; };
		6549811614770DC9008369C3 /* GlobalFeedItemViewController.m in Sources */ = {isa = PBXBuildFile; fileRef = 6549811414770DC9008369C3 /* GlobalFeedItemViewController.m */; };
		6549811714770DC9008369C3 /* GlobalFeedItemViewController.xib in Resources */ = {isa = PBXBuildFile; fileRef = 6549811514770DC9008369C3 /* GlobalFeedItemViewController.xib */; };
		6568C09F146DDFA4002CD1CD /* LoveYourWorkAPI.m in Sources */ = {isa = PBXBuildFile; fileRef = 6568C09E146DDFA4002CD1CD /* LoveYourWorkAPI.m */; };
		656A23F0147427F4000E1419 /* CoreLocation.framework in Frameworks */ = {isa = PBXBuildFile; fileRef = 656A23EF147427F4000E1419 /* CoreLocation.framework */; };
		65B9F3FC1462F87900AC907F /* UIKit.framework in Frameworks */ = {isa = PBXBuildFile; fileRef = 65B9F3FB1462F87900AC907F /* UIKit.framework */; };
		65B9F3FE1462F87900AC907F /* Foundation.framework in Frameworks */ = {isa = PBXBuildFile; fileRef = 65B9F3FD1462F87900AC907F /* Foundation.framework */; };
		65B9F4001462F87900AC907F /* CoreGraphics.framework in Frameworks */ = {isa = PBXBuildFile; fileRef = 65B9F3FF1462F87900AC907F /* CoreGraphics.framework */; };
		65B9F4061462F87900AC907F /* InfoPlist.strings in Resources */ = {isa = PBXBuildFile; fileRef = 65B9F4041462F87900AC907F /* InfoPlist.strings */; };
		65B9F4081462F87900AC907F /* main.m in Sources */ = {isa = PBXBuildFile; fileRef = 65B9F4071462F87900AC907F /* main.m */; };
		65B9F40C1462F87900AC907F /* AppDelegate.m in Sources */ = {isa = PBXBuildFile; fileRef = 65B9F40B1462F87900AC907F /* AppDelegate.m */; };
		65B9F40F1462F87900AC907F /* MainStoryboard.storyboard in Resources */ = {isa = PBXBuildFile; fileRef = 65B9F40D1462F87900AC907F /* MainStoryboard.storyboard */; };
		65B9F4141462F87900AC907F /* first.png in Resources */ = {isa = PBXBuildFile; fileRef = 65B9F4131462F87900AC907F /* first.png */; };
		65B9F4161462F87900AC907F /* first@2x.png in Resources */ = {isa = PBXBuildFile; fileRef = 65B9F4151462F87900AC907F /* first@2x.png */; };
		65B9F4191462F87900AC907F /* ShareViewController.m in Sources */ = {isa = PBXBuildFile; fileRef = 65B9F4181462F87900AC907F /* ShareViewController.m */; };
		65B9F41B1462F87900AC907F /* second.png in Resources */ = {isa = PBXBuildFile; fileRef = 65B9F41A1462F87900AC907F /* second.png */; };
		65B9F41D1462F87900AC907F /* second@2x.png in Resources */ = {isa = PBXBuildFile; fileRef = 65B9F41C1462F87900AC907F /* second@2x.png */; };
		65B9F4271462F8BE00AC907F /* JSONKit.m in Sources */ = {isa = PBXBuildFile; fileRef = 65B9F4261462F8BE00AC907F /* JSONKit.m */; settings = {COMPILER_FLAGS = "-fno-objc-arc"; }; };
		65B9F43E1462F8E900AC907F /* AFHTTPClient.m in Sources */ = {isa = PBXBuildFile; fileRef = 65B9F42A1462F8E900AC907F /* AFHTTPClient.m */; settings = {COMPILER_FLAGS = "-fno-objc-arc"; }; };
		65B9F43F1462F8E900AC907F /* AFHTTPRequestOperation.m in Sources */ = {isa = PBXBuildFile; fileRef = 65B9F42C1462F8E900AC907F /* AFHTTPRequestOperation.m */; settings = {COMPILER_FLAGS = "-fno-objc-arc"; }; };
		65B9F4401462F8E900AC907F /* AFImageCache.m in Sources */ = {isa = PBXBuildFile; fileRef = 65B9F42E1462F8E900AC907F /* AFImageCache.m */; settings = {COMPILER_FLAGS = "-fno-objc-arc"; }; };
		65B9F4411462F8E900AC907F /* AFImageRequestOperation.m in Sources */ = {isa = PBXBuildFile; fileRef = 65B9F4301462F8E900AC907F /* AFImageRequestOperation.m */; settings = {COMPILER_FLAGS = "-fno-objc-arc"; }; };
		65B9F4421462F8E900AC907F /* AFJSONRequestOperation.m in Sources */ = {isa = PBXBuildFile; fileRef = 65B9F4321462F8E900AC907F /* AFJSONRequestOperation.m */; settings = {COMPILER_FLAGS = "-fno-objc-arc"; }; };
		65B9F4431462F8E900AC907F /* AFNetworkActivityIndicatorManager.m in Sources */ = {isa = PBXBuildFile; fileRef = 65B9F4341462F8E900AC907F /* AFNetworkActivityIndicatorManager.m */; settings = {COMPILER_FLAGS = "-fno-objc-arc"; }; };
		65B9F4441462F8E900AC907F /* AFPropertyListRequestOperation.m in Sources */ = {isa = PBXBuildFile; fileRef = 65B9F4371462F8E900AC907F /* AFPropertyListRequestOperation.m */; settings = {COMPILER_FLAGS = "-fno-objc-arc"; }; };
		65B9F4451462F8E900AC907F /* AFURLConnectionOperation.m in Sources */ = {isa = PBXBuildFile; fileRef = 65B9F4391462F8E900AC907F /* AFURLConnectionOperation.m */; settings = {COMPILER_FLAGS = "-fno-objc-arc"; }; };
		65B9F4461462F8E900AC907F /* AFXMLRequestOperation.m in Sources */ = {isa = PBXBuildFile; fileRef = 65B9F43B1462F8E900AC907F /* AFXMLRequestOperation.m */; settings = {COMPILER_FLAGS = "-fno-objc-arc"; }; };
		65B9F4471462F8E900AC907F /* UIImageView+AFNetworking.m in Sources */ = {isa = PBXBuildFile; fileRef = 65B9F43D1462F8E900AC907F /* UIImageView+AFNetworking.m */; settings = {COMPILER_FLAGS = "-fno-objc-arc"; }; };
		65B9F4641464886000AC907F /* VenuePicker.m in Sources */ = {isa = PBXBuildFile; fileRef = 65B9F4631464886000AC907F /* VenuePicker.m */; };
		65B9F46714649A9C00AC907F /* HyperpublicAPI.m in Sources */ = {isa = PBXBuildFile; fileRef = 65B9F46614649A9C00AC907F /* HyperpublicAPI.m */; };
		65B9F46A14649AAE00AC907F /* HPVenue.m in Sources */ = {isa = PBXBuildFile; fileRef = 65B9F46914649AAE00AC907F /* HPVenue.m */; };
		65F1EAC5146852E50070A030 /* VenuePicker.storyboard in Resources */ = {isa = PBXBuildFile; fileRef = 65F1EAC4146852E50070A030 /* VenuePicker.storyboard */; };
/* End PBXBuildFile section */

/* Begin PBXFileReference section */
		654980BE14749C47008369C3 /* favs-icon.png */ = {isa = PBXFileReference; lastKnownFileType = image.png; path = "favs-icon.png"; sourceTree = "<group>"; };
		654980BF14749C47008369C3 /* favs-icon@2x.png */ = {isa = PBXFileReference; lastKnownFileType = image.png; path = "favs-icon@2x.png"; sourceTree = "<group>"; };
		654980C014749C47008369C3 /* Icon-72.png */ = {isa = PBXFileReference; lastKnownFileType = image.png; path = "Icon-72.png"; sourceTree = "<group>"; };
		654980C114749C47008369C3 /* Icon-Small-50.png */ = {isa = PBXFileReference; lastKnownFileType = image.png; path = "Icon-Small-50.png"; sourceTree = "<group>"; };
		654980C214749C47008369C3 /* Icon-Small.png */ = {isa = PBXFileReference; lastKnownFileType = image.png; path = "Icon-Small.png"; sourceTree = "<group>"; };
		654980C314749C47008369C3 /* Icon-Small@2x.png */ = {isa = PBXFileReference; lastKnownFileType = image.png; path = "Icon-Small@2x.png"; sourceTree = "<group>"; };
		654980C414749C47008369C3 /* Icon.png */ = {isa = PBXFileReference; lastKnownFileType = image.png; path = Icon.png; sourceTree = "<group>"; };
		654980C514749C47008369C3 /* Icon@2x.png */ = {isa = PBXFileReference; lastKnownFileType = image.png; path = "Icon@2x.png"; sourceTree = "<group>"; };
		654980C614749C47008369C3 /* iTunesArtwork */ = {isa = PBXFileReference; lastKnownFileType = file; path = iTunesArtwork; sourceTree = "<group>"; };
		654980C814749C47008369C3 /* favs-icon.png */ = {isa = PBXFileReference; lastKnownFileType = image.png; path = "favs-icon.png"; sourceTree = "<group>"; };
		654980D314749DE4008369C3 /* Icon.png */ = {isa = PBXFileReference; lastKnownFileType = image.png; path = Icon.png; sourceTree = "<group>"; };
		654980D514749DEA008369C3 /* Icon@2x.png */ = {isa = PBXFileReference; lastKnownFileType = image.png; path = "Icon@2x.png"; sourceTree = "<group>"; };
		654980D71474A2D9008369C3 /* Default.png */ = {isa = PBXFileReference; lastKnownFileType = image.png; path = Default.png; sourceTree = "<group>"; };
		654980D91474A2DB008369C3 /* Default@2x.png */ = {isa = PBXFileReference; lastKnownFileType = image.png; path = "Default@2x.png"; sourceTree = "<group>"; };
		654980DF14758FD1008369C3 /* white_sand.png */ = {isa = PBXFileReference; lastKnownFileType = image.png; path = white_sand.png; sourceTree = "<group>"; };
		654980E114758FDE008369C3 /* wood_1.png */ = {isa = PBXFileReference; lastKnownFileType = image.png; path = wood_1.png; sourceTree = "<group>"; };
		654980E314758FFB008369C3 /* white_texture.png */ = {isa = PBXFileReference; lastKnownFileType = image.png; path = white_texture.png; sourceTree = "<group>"; };
		654980F91475AD15008369C3 /* postpicbuttonbg_button_highlight.png */ = {isa = PBXFileReference; lastKnownFileType = image.png; path = postpicbuttonbg_button_highlight.png; sourceTree = "<group>"; };
		654980FA1475AD15008369C3 /* postpicbuttonbg_button.png */ = {isa = PBXFileReference; lastKnownFileType = image.png; path = postpicbuttonbg_button.png; sourceTree = "<group>"; };
		654980FD1475B312008369C3 /* MBProgressHUD.h */ = {isa = PBXFileReference; fileEncoding = 4; lastKnownFileType = sourcecode.c.h; path = MBProgressHUD.h; sourceTree = "<group>"; };
		654980FE1475B312008369C3 /* MBProgressHUD.m */ = {isa = PBXFileReference; fileEncoding = 4; lastKnownFileType = sourcecode.c.objc; path = MBProgressHUD.m; sourceTree = "<group>"; };
		654981051476C1E3008369C3 /* GlobalFeedViewController.h */ = {isa = PBXFileReference; fileEncoding = 4; lastKnownFileType = sourcecode.c.h; path = GlobalFeedViewController.h; sourceTree = "<group>"; };
		654981061476C1E4008369C3 /* GlobalFeedViewController.m */ = {isa = PBXFileReference; fileEncoding = 4; lastKnownFileType = sourcecode.c.objc; path = GlobalFeedViewController.m; sourceTree = "<group>"; };
		654981081476C325008369C3 /* PicViewController.h */ = {isa = PBXFileReference; fileEncoding = 4; lastKnownFileType = sourcecode.c.h; path = PicViewController.h; sourceTree = "<group>"; };
		654981091476C325008369C3 /* PicViewController.m */ = {isa = PBXFileReference; fileEncoding = 4; lastKnownFileType = sourcecode.c.objc; path = PicViewController.m; sourceTree = "<group>"; };
		6549811314770DC9008369C3 /* GlobalFeedItemViewController.h */ = {isa = PBXFileReference; fileEncoding = 4; lastKnownFileType = sourcecode.c.h; name = GlobalFeedItemViewController.h; path = ../GlobalFeedItemViewController.h; sourceTree = "<group>"; };
		6549811414770DC9008369C3 /* GlobalFeedItemViewController.m */ = {isa = PBXFileReference; fileEncoding = 4; lastKnownFileType = sourcecode.c.objc; name = GlobalFeedItemViewController.m; path = ../GlobalFeedItemViewController.m; sourceTree = "<group>"; };
		6549811514770DC9008369C3 /* GlobalFeedItemViewController.xib */ = {isa = PBXFileReference; fileEncoding = 4; lastKnownFileType = file.xib; path = GlobalFeedItemViewController.xib; sourceTree = "<group>"; };
		6568C09D146DDFA4002CD1CD /* LoveYourWorkAPI.h */ = {isa = PBXFileReference; fileEncoding = 4; lastKnownFileType = sourcecode.c.h; path = LoveYourWorkAPI.h; sourceTree = "<group>"; };
		6568C09E146DDFA4002CD1CD /* LoveYourWorkAPI.m */ = {isa = PBXFileReference; fileEncoding = 4; lastKnownFileType = sourcecode.c.objc; path = LoveYourWorkAPI.m; sourceTree = "<group>"; };
		656A23EF147427F4000E1419 /* CoreLocation.framework */ = {isa = PBXFileReference; lastKnownFileType = wrapper.framework; name = CoreLocation.framework; path = System/Library/Frameworks/CoreLocation.framework; sourceTree = SDKROOT; };
		65B9F3F71462F87900AC907F /* LoveYourWork.app */ = {isa = PBXFileReference; explicitFileType = wrapper.application; includeInIndex = 0; path = LoveYourWork.app; sourceTree = BUILT_PRODUCTS_DIR; };
		65B9F3FB1462F87900AC907F /* UIKit.framework */ = {isa = PBXFileReference; lastKnownFileType = wrapper.framework; name = UIKit.framework; path = System/Library/Frameworks/UIKit.framework; sourceTree = SDKROOT; };
		65B9F3FD1462F87900AC907F /* Foundation.framework */ = {isa = PBXFileReference; lastKnownFileType = wrapper.framework; name = Foundation.framework; path = System/Library/Frameworks/Foundation.framework; sourceTree = SDKROOT; };
		65B9F3FF1462F87900AC907F /* CoreGraphics.framework */ = {isa = PBXFileReference; lastKnownFileType = wrapper.framework; name = CoreGraphics.framework; path = System/Library/Frameworks/CoreGraphics.framework; sourceTree = SDKROOT; };
		65B9F4031462F87900AC907F /* LoveYourWork-Info.plist */ = {isa = PBXFileReference; lastKnownFileType = text.plist.xml; path = "LoveYourWork-Info.plist"; sourceTree = "<group>"; };
		65B9F4051462F87900AC907F /* en */ = {isa = PBXFileReference; lastKnownFileType = text.plist.strings; name = en; path = en.lproj/InfoPlist.strings; sourceTree = "<group>"; };
		65B9F4071462F87900AC907F /* main.m */ = {isa = PBXFileReference; lastKnownFileType = sourcecode.c.objc; path = main.m; sourceTree = "<group>"; };
		65B9F4091462F87900AC907F /* LoveYourWork-Prefix.pch */ = {isa = PBXFileReference; lastKnownFileType = sourcecode.c.h; path = "LoveYourWork-Prefix.pch"; sourceTree = "<group>"; };
		65B9F40A1462F87900AC907F /* AppDelegate.h */ = {isa = PBXFileReference; lastKnownFileType = sourcecode.c.h; path = AppDelegate.h; sourceTree = "<group>"; };
		65B9F40B1462F87900AC907F /* AppDelegate.m */ = {isa = PBXFileReference; lastKnownFileType = sourcecode.c.objc; path = AppDelegate.m; sourceTree = "<group>"; };
		65B9F40E1462F87900AC907F /* en */ = {isa = PBXFileReference; lastKnownFileType = file.storyboard; name = en; path = en.lproj/MainStoryboard.storyboard; sourceTree = "<group>"; };
		65B9F4131462F87900AC907F /* first.png */ = {isa = PBXFileReference; lastKnownFileType = image.png; name = first.png; path = LoveYourWork/first.png; sourceTree = "<group>"; };
		65B9F4151462F87900AC907F /* first@2x.png */ = {isa = PBXFileReference; lastKnownFileType = image.png; name = "first@2x.png"; path = "LoveYourWork/first@2x.png"; sourceTree = "<group>"; };
		65B9F4171462F87900AC907F /* ShareViewController.h */ = {isa = PBXFileReference; lastKnownFileType = sourcecode.c.h; path = ShareViewController.h; sourceTree = "<group>"; };
		65B9F4181462F87900AC907F /* ShareViewController.m */ = {isa = PBXFileReference; lastKnownFileType = sourcecode.c.objc; path = ShareViewController.m; sourceTree = "<group>"; };
		65B9F41A1462F87900AC907F /* second.png */ = {isa = PBXFileReference; lastKnownFileType = image.png; name = second.png; path = LoveYourWork/second.png; sourceTree = "<group>"; };
		65B9F41C1462F87900AC907F /* second@2x.png */ = {isa = PBXFileReference; lastKnownFileType = image.png; name = "second@2x.png"; path = "LoveYourWork/second@2x.png"; sourceTree = "<group>"; };
		65B9F4251462F8BE00AC907F /* JSONKit.h */ = {isa = PBXFileReference; fileEncoding = 4; lastKnownFileType = sourcecode.c.h; path = JSONKit.h; sourceTree = "<group>"; };
		65B9F4261462F8BE00AC907F /* JSONKit.m */ = {isa = PBXFileReference; fileEncoding = 4; lastKnownFileType = sourcecode.c.objc; path = JSONKit.m; sourceTree = "<group>"; };
		65B9F4291462F8E900AC907F /* AFHTTPClient.h */ = {isa = PBXFileReference; fileEncoding = 4; lastKnownFileType = sourcecode.c.h; path = AFHTTPClient.h; sourceTree = "<group>"; };
		65B9F42A1462F8E900AC907F /* AFHTTPClient.m */ = {isa = PBXFileReference; fileEncoding = 4; lastKnownFileType = sourcecode.c.objc; path = AFHTTPClient.m; sourceTree = "<group>"; };
		65B9F42B1462F8E900AC907F /* AFHTTPRequestOperation.h */ = {isa = PBXFileReference; fileEncoding = 4; lastKnownFileType = sourcecode.c.h; path = AFHTTPRequestOperation.h; sourceTree = "<group>"; };
		65B9F42C1462F8E900AC907F /* AFHTTPRequestOperation.m */ = {isa = PBXFileReference; fileEncoding = 4; lastKnownFileType = sourcecode.c.objc; path = AFHTTPRequestOperation.m; sourceTree = "<group>"; };
		65B9F42D1462F8E900AC907F /* AFImageCache.h */ = {isa = PBXFileReference; fileEncoding = 4; lastKnownFileType = sourcecode.c.h; path = AFImageCache.h; sourceTree = "<group>"; };
		65B9F42E1462F8E900AC907F /* AFImageCache.m */ = {isa = PBXFileReference; fileEncoding = 4; lastKnownFileType = sourcecode.c.objc; path = AFImageCache.m; sourceTree = "<group>"; };
		65B9F42F1462F8E900AC907F /* AFImageRequestOperation.h */ = {isa = PBXFileReference; fileEncoding = 4; lastKnownFileType = sourcecode.c.h; path = AFImageRequestOperation.h; sourceTree = "<group>"; };
		65B9F4301462F8E900AC907F /* AFImageRequestOperation.m */ = {isa = PBXFileReference; fileEncoding = 4; lastKnownFileType = sourcecode.c.objc; path = AFImageRequestOperation.m; sourceTree = "<group>"; };
		65B9F4311462F8E900AC907F /* AFJSONRequestOperation.h */ = {isa = PBXFileReference; fileEncoding = 4; lastKnownFileType = sourcecode.c.h; path = AFJSONRequestOperation.h; sourceTree = "<group>"; };
		65B9F4321462F8E900AC907F /* AFJSONRequestOperation.m */ = {isa = PBXFileReference; fileEncoding = 4; lastKnownFileType = sourcecode.c.objc; path = AFJSONRequestOperation.m; sourceTree = "<group>"; };
		65B9F4331462F8E900AC907F /* AFNetworkActivityIndicatorManager.h */ = {isa = PBXFileReference; fileEncoding = 4; lastKnownFileType = sourcecode.c.h; path = AFNetworkActivityIndicatorManager.h; sourceTree = "<group>"; };
		65B9F4341462F8E900AC907F /* AFNetworkActivityIndicatorManager.m */ = {isa = PBXFileReference; fileEncoding = 4; lastKnownFileType = sourcecode.c.objc; path = AFNetworkActivityIndicatorManager.m; sourceTree = "<group>"; };
		65B9F4351462F8E900AC907F /* AFNetworking.h */ = {isa = PBXFileReference; fileEncoding = 4; lastKnownFileType = sourcecode.c.h; path = AFNetworking.h; sourceTree = "<group>"; };
		65B9F4361462F8E900AC907F /* AFPropertyListRequestOperation.h */ = {isa = PBXFileReference; fileEncoding = 4; lastKnownFileType = sourcecode.c.h; path = AFPropertyListRequestOperation.h; sourceTree = "<group>"; };
		65B9F4371462F8E900AC907F /* AFPropertyListRequestOperation.m */ = {isa = PBXFileReference; fileEncoding = 4; lastKnownFileType = sourcecode.c.objc; path = AFPropertyListRequestOperation.m; sourceTree = "<group>"; };
		65B9F4381462F8E900AC907F /* AFURLConnectionOperation.h */ = {isa = PBXFileReference; fileEncoding = 4; lastKnownFileType = sourcecode.c.h; path = AFURLConnectionOperation.h; sourceTree = "<group>"; };
		65B9F4391462F8E900AC907F /* AFURLConnectionOperation.m */ = {isa = PBXFileReference; fileEncoding = 4; lastKnownFileType = sourcecode.c.objc; path = AFURLConnectionOperation.m; sourceTree = "<group>"; };
		65B9F43A1462F8E900AC907F /* AFXMLRequestOperation.h */ = {isa = PBXFileReference; fileEncoding = 4; lastKnownFileType = sourcecode.c.h; path = AFXMLRequestOperation.h; sourceTree = "<group>"; };
		65B9F43B1462F8E900AC907F /* AFXMLRequestOperation.m */ = {isa = PBXFileReference; fileEncoding = 4; lastKnownFileType = sourcecode.c.objc; path = AFXMLRequestOperation.m; sourceTree = "<group>"; };
		65B9F43C1462F8E900AC907F /* UIImageView+AFNetworking.h */ = {isa = PBXFileReference; fileEncoding = 4; lastKnownFileType = sourcecode.c.h; path = "UIImageView+AFNetworking.h"; sourceTree = "<group>"; };
		65B9F43D1462F8E900AC907F /* UIImageView+AFNetworking.m */ = {isa = PBXFileReference; fileEncoding = 4; lastKnownFileType = sourcecode.c.objc; path = "UIImageView+AFNetworking.m"; sourceTree = "<group>"; };
		65B9F4621464886000AC907F /* VenuePicker.h */ = {isa = PBXFileReference; fileEncoding = 4; lastKnownFileType = sourcecode.c.h; path = VenuePicker.h; sourceTree = "<group>"; };
		65B9F4631464886000AC907F /* VenuePicker.m */ = {isa = PBXFileReference; fileEncoding = 4; lastKnownFileType = sourcecode.c.objc; path = VenuePicker.m; sourceTree = "<group>"; };
		65B9F46514649A9C00AC907F /* HyperpublicAPI.h */ = {isa = PBXFileReference; fileEncoding = 4; lastKnownFileType = sourcecode.c.h; path = HyperpublicAPI.h; sourceTree = "<group>"; };
		65B9F46614649A9C00AC907F /* HyperpublicAPI.m */ = {isa = PBXFileReference; fileEncoding = 4; lastKnownFileType = sourcecode.c.objc; path = HyperpublicAPI.m; sourceTree = "<group>"; };
		65B9F46814649AAE00AC907F /* HPVenue.h */ = {isa = PBXFileReference; fileEncoding = 4; lastKnownFileType = sourcecode.c.h; path = HPVenue.h; sourceTree = "<group>"; };
		65B9F46914649AAE00AC907F /* HPVenue.m */ = {isa = PBXFileReference; fileEncoding = 4; lastKnownFileType = sourcecode.c.objc; path = HPVenue.m; sourceTree = "<group>"; };
		65F1EAC4146852E50070A030 /* VenuePicker.storyboard */ = {isa = PBXFileReference; fileEncoding = 4; lastKnownFileType = file.storyboard; name = VenuePicker.storyboard; path = LoveYourWork/VenuePicker.storyboard; sourceTree = "<group>"; };
/* End PBXFileReference section */

/* Begin PBXFrameworksBuildPhase section */
		65B9F3F41462F87900AC907F /* Frameworks */ = {
			isa = PBXFrameworksBuildPhase;
			buildActionMask = 2147483647;
			files = (
				656A23F0147427F4000E1419 /* CoreLocation.framework in Frameworks */,
				65B9F3FC1462F87900AC907F /* UIKit.framework in Frameworks */,
				65B9F3FE1462F87900AC907F /* Foundation.framework in Frameworks */,
				65B9F4001462F87900AC907F /* CoreGraphics.framework in Frameworks */,
			);
			runOnlyForDeploymentPostprocessing = 0;
		};
/* End PBXFrameworksBuildPhase section */

/* Begin PBXGroup section */
		654980BD14749C47008369C3 /* iConify */ = {
			isa = PBXGroup;
			children = (
				654980BE14749C47008369C3 /* favs-icon.png */,
				654980BF14749C47008369C3 /* favs-icon@2x.png */,
				654980C014749C47008369C3 /* Icon-72.png */,
				654980C114749C47008369C3 /* Icon-Small-50.png */,
				654980C214749C47008369C3 /* Icon-Small.png */,
				654980C314749C47008369C3 /* Icon-Small@2x.png */,
				654980C414749C47008369C3 /* Icon.png */,
				654980C514749C47008369C3 /* Icon@2x.png */,
				654980C614749C47008369C3 /* iTunesArtwork */,
				654980C714749C47008369C3 /* Screenshots */,
			);
			name = iConify;
			path = ../../../Library/iConify;
			sourceTree = "<group>";
		};
		654980C714749C47008369C3 /* Screenshots */ = {
			isa = PBXGroup;
			children = (
				654980C814749C47008369C3 /* favs-icon.png */,
			);
			path = Screenshots;
			sourceTree = "<group>";
		};
		654981001475B317008369C3 /* MBProgressHUD */ = {
			isa = PBXGroup;
			children = (
				654980FD1475B312008369C3 /* MBProgressHUD.h */,
				654980FE1475B312008369C3 /* MBProgressHUD.m */,
			);
			name = MBProgressHUD;
			sourceTree = "<group>";
		};
		6568C099146DCED9002CD1CD /* UI */ = {
			isa = PBXGroup;
			children = (
				65B9F40D1462F87900AC907F /* MainStoryboard.storyboard */,
				65F1EAC4146852E50070A030 /* VenuePicker.storyboard */,
				6549811514770DC9008369C3 /* GlobalFeedItemViewController.xib */,
			);
			name = UI;
			sourceTree = "<group>";
		};
		6568C09A146DCEFA002CD1CD /* Images */ = {
			isa = PBXGroup;
			children = (
				654980F91475AD15008369C3 /* postpicbuttonbg_button_highlight.png */,
				654980FA1475AD15008369C3 /* postpicbuttonbg_button.png */,
				654980E114758FDE008369C3 /* wood_1.png */,
				654980DF14758FD1008369C3 /* white_sand.png */,
				654980E314758FFB008369C3 /* white_texture.png */,
				654980D91474A2DB008369C3 /* Default@2x.png */,
				654980D71474A2D9008369C3 /* Default.png */,
				654980D514749DEA008369C3 /* Icon@2x.png */,
				654980D314749DE4008369C3 /* Icon.png */,
				65B9F4131462F87900AC907F /* first.png */,
				65B9F4151462F87900AC907F /* first@2x.png */,
				65B9F41A1462F87900AC907F /* second.png */,
				65B9F41C1462F87900AC907F /* second@2x.png */,
			);
			name = Images;
			sourceTree = "<group>";
		};
		6568C09B146DCF2F002CD1CD /* Views */ = {
			isa = PBXGroup;
			children = (
				6549811314770DC9008369C3 /* GlobalFeedItemViewController.h */,
				6549811414770DC9008369C3 /* GlobalFeedItemViewController.m */,
				65B9F40A1462F87900AC907F /* AppDelegate.h */,
				65B9F40B1462F87900AC907F /* AppDelegate.m */,
				65B9F4621464886000AC907F /* VenuePicker.h */,
				65B9F4631464886000AC907F /* VenuePicker.m */,
				65B9F4171462F87900AC907F /* ShareViewController.h */,
				65B9F4181462F87900AC907F /* ShareViewController.m */,
				654981051476C1E3008369C3 /* GlobalFeedViewController.h */,
				654981061476C1E4008369C3 /* GlobalFeedViewController.m */,
				654981081476C325008369C3 /* PicViewController.h */,
				654981091476C325008369C3 /* PicViewController.m */,
			);
			name = Views;
			sourceTree = "<group>";
		};
		6568C09C146DCF52002CD1CD /* API */ = {
			isa = PBXGroup;
			children = (
				65B9F46514649A9C00AC907F /* HyperpublicAPI.h */,
				65B9F46614649A9C00AC907F /* HyperpublicAPI.m */,
				65B9F46814649AAE00AC907F /* HPVenue.h */,
				65B9F46914649AAE00AC907F /* HPVenue.m */,
				6568C09D146DDFA4002CD1CD /* LoveYourWorkAPI.h */,
				6568C09E146DDFA4002CD1CD /* LoveYourWorkAPI.m */,
			);
			name = API;
			sourceTree = "<group>";
		};
		65B9F3EC1462F87800AC907F = {
			isa = PBXGroup;
			children = (
				654980BD14749C47008369C3 /* iConify */,
				656A23EF147427F4000E1419 /* CoreLocation.framework */,
				6568C099146DCED9002CD1CD /* UI */,
				65B9F4011462F87900AC907F /* LoveYourWork */,
				6568C09A146DCEFA002CD1CD /* Images */,
				65B9F4231462F88500AC907F /* Vendor */,
				65B9F3FA1462F87900AC907F /* Frameworks */,
				65B9F3F81462F87900AC907F /* Products */,
			);
			sourceTree = "<group>";
		};
		65B9F3F81462F87900AC907F /* Products */ = {
			isa = PBXGroup;
			children = (
				65B9F3F71462F87900AC907F /* LoveYourWork.app */,
			);
			name = Products;
			sourceTree = "<group>";
		};
		65B9F3FA1462F87900AC907F /* Frameworks */ = {
			isa = PBXGroup;
			children = (
				65B9F3FB1462F87900AC907F /* UIKit.framework */,
				65B9F3FD1462F87900AC907F /* Foundation.framework */,
				65B9F3FF1462F87900AC907F /* CoreGraphics.framework */,
			);
			name = Frameworks;
			sourceTree = "<group>";
		};
		65B9F4011462F87900AC907F /* LoveYourWork */ = {
			isa = PBXGroup;
			children = (
				6568C09C146DCF52002CD1CD /* API */,
				6568C09B146DCF2F002CD1CD /* Views */,
				65B9F4021462F87900AC907F /* Supporting Files */,
			);
			path = LoveYourWork;
			sourceTree = "<group>";
		};
		65B9F4021462F87900AC907F /* Supporting Files */ = {
			isa = PBXGroup;
			children = (
				65B9F4031462F87900AC907F /* LoveYourWork-Info.plist */,
				65B9F4041462F87900AC907F /* InfoPlist.strings */,
				65B9F4071462F87900AC907F /* main.m */,
				65B9F4091462F87900AC907F /* LoveYourWork-Prefix.pch */,
			);
			name = "Supporting Files";
			sourceTree = "<group>";
		};
		65B9F4231462F88500AC907F /* Vendor */ = {
			isa = PBXGroup;
			children = (
				654981001475B317008369C3 /* MBProgressHUD */,
				65B9F4281462F8E900AC907F /* AFNetworking */,
				65B9F4241462F8BE00AC907F /* JSONKit */,
			);
			name = Vendor;
			sourceTree = "<group>";
		};
		65B9F4241462F8BE00AC907F /* JSONKit */ = {
			isa = PBXGroup;
			children = (
				65B9F4251462F8BE00AC907F /* JSONKit.h */,
				65B9F4261462F8BE00AC907F /* JSONKit.m */,
			);
			path = JSONKit;
			sourceTree = "<group>";
		};
		65B9F4281462F8E900AC907F /* AFNetworking */ = {
			isa = PBXGroup;
			children = (
				65B9F4291462F8E900AC907F /* AFHTTPClient.h */,
				65B9F42A1462F8E900AC907F /* AFHTTPClient.m */,
				65B9F42B1462F8E900AC907F /* AFHTTPRequestOperation.h */,
				65B9F42C1462F8E900AC907F /* AFHTTPRequestOperation.m */,
				65B9F42D1462F8E900AC907F /* AFImageCache.h */,
				65B9F42E1462F8E900AC907F /* AFImageCache.m */,
				65B9F42F1462F8E900AC907F /* AFImageRequestOperation.h */,
				65B9F4301462F8E900AC907F /* AFImageRequestOperation.m */,
				65B9F4311462F8E900AC907F /* AFJSONRequestOperation.h */,
				65B9F4321462F8E900AC907F /* AFJSONRequestOperation.m */,
				65B9F4331462F8E900AC907F /* AFNetworkActivityIndicatorManager.h */,
				65B9F4341462F8E900AC907F /* AFNetworkActivityIndicatorManager.m */,
				65B9F4351462F8E900AC907F /* AFNetworking.h */,
				65B9F4361462F8E900AC907F /* AFPropertyListRequestOperation.h */,
				65B9F4371462F8E900AC907F /* AFPropertyListRequestOperation.m */,
				65B9F4381462F8E900AC907F /* AFURLConnectionOperation.h */,
				65B9F4391462F8E900AC907F /* AFURLConnectionOperation.m */,
				65B9F43A1462F8E900AC907F /* AFXMLRequestOperation.h */,
				65B9F43B1462F8E900AC907F /* AFXMLRequestOperation.m */,
				65B9F43C1462F8E900AC907F /* UIImageView+AFNetworking.h */,
				65B9F43D1462F8E900AC907F /* UIImageView+AFNetworking.m */,
			);
			path = AFNetworking;
			sourceTree = "<group>";
		};
/* End PBXGroup section */

/* Begin PBXNativeTarget section */
		65B9F3F61462F87900AC907F /* LoveYourWork */ = {
			isa = PBXNativeTarget;
			buildConfigurationList = 65B9F4201462F87900AC907F /* Build configuration list for PBXNativeTarget "LoveYourWork" */;
			buildPhases = (
				65B9F3F31462F87900AC907F /* Sources */,
				65B9F3F41462F87900AC907F /* Frameworks */,
				65B9F3F51462F87900AC907F /* Resources */,
			);
			buildRules = (
			);
			dependencies = (
			);
			name = LoveYourWork;
			productName = LoveYourWork;
			productReference = 65B9F3F71462F87900AC907F /* LoveYourWork.app */;
			productType = "com.apple.product-type.application";
		};
/* End PBXNativeTarget section */

/* Begin PBXProject section */
		65B9F3EE1462F87800AC907F /* Project object */ = {
			isa = PBXProject;
			attributes = {
				LastUpgradeCheck = 0420;
			};
			buildConfigurationList = 65B9F3F11462F87800AC907F /* Build configuration list for PBXProject "LoveYourWork" */;
			compatibilityVersion = "Xcode 3.2";
			developmentRegion = English;
			hasScannedForEncodings = 0;
			knownRegions = (
				en,
			);
			mainGroup = 65B9F3EC1462F87800AC907F;
			productRefGroup = 65B9F3F81462F87900AC907F /* Products */;
			projectDirPath = "";
			projectRoot = "";
			targets = (
				65B9F3F61462F87900AC907F /* LoveYourWork */,
			);
		};
/* End PBXProject section */

/* Begin PBXResourcesBuildPhase section */
		65B9F3F51462F87900AC907F /* Resources */ = {
			isa = PBXResourcesBuildPhase;
			buildActionMask = 2147483647;
			files = (
				65B9F4061462F87900AC907F /* InfoPlist.strings in Resources */,
				65B9F40F1462F87900AC907F /* MainStoryboard.storyboard in Resources */,
				65B9F4141462F87900AC907F /* first.png in Resources */,
				65B9F4161462F87900AC907F /* first@2x.png in Resources */,
				65B9F41B1462F87900AC907F /* second.png in Resources */,
				65B9F41D1462F87900AC907F /* second@2x.png in Resources */,
				65F1EAC5146852E50070A030 /* VenuePicker.storyboard in Resources */,
				654980C914749C47008369C3 /* favs-icon.png in Resources */,
				654980CA14749C47008369C3 /* favs-icon@2x.png in Resources */,
				654980CB14749C47008369C3 /* Icon-72.png in Resources */,
				654980CC14749C47008369C3 /* Icon-Small-50.png in Resources */,
				654980CD14749C47008369C3 /* Icon-Small.png in Resources */,
				654980CE14749C47008369C3 /* Icon-Small@2x.png in Resources */,
				654980CF14749C47008369C3 /* Icon.png in Resources */,
				654980D014749C47008369C3 /* Icon@2x.png in Resources */,
				654980D114749C47008369C3 /* iTunesArtwork in Resources */,
				654980D214749C47008369C3 /* favs-icon.png in Resources */,
				654980D414749DE4008369C3 /* Icon.png in Resources */,
				654980D614749DEA008369C3 /* Icon@2x.png in Resources */,
				654980D81474A2D9008369C3 /* Default.png in Resources */,
				654980DA1474A2DB008369C3 /* Default@2x.png in Resources */,
				654980E014758FD1008369C3 /* white_sand.png in Resources */,
				654980E214758FDE008369C3 /* wood_1.png in Resources */,
				654980E414758FFB008369C3 /* white_texture.png in Resources */,
				654980FB1475AD15008369C3 /* postpicbuttonbg_button_highlight.png in Resources */,
				654980FC1475AD15008369C3 /* postpicbuttonbg_button.png in Resources */,
				6549811714770DC9008369C3 /* GlobalFeedItemViewController.xib in Resources */,
			);
			runOnlyForDeploymentPostprocessing = 0;
		};
/* End PBXResourcesBuildPhase section */

/* Begin PBXSourcesBuildPhase section */
		65B9F3F31462F87900AC907F /* Sources */ = {
			isa = PBXSourcesBuildPhase;
			buildActionMask = 2147483647;
			files = (
				65B9F4081462F87900AC907F /* main.m in Sources */,
				65B9F40C1462F87900AC907F /* AppDelegate.m in Sources */,
				65B9F4191462F87900AC907F /* ShareViewController.m in Sources */,
				65B9F4271462F8BE00AC907F /* JSONKit.m in Sources */,
				65B9F43E1462F8E900AC907F /* AFHTTPClient.m in Sources */,
				65B9F43F1462F8E900AC907F /* AFHTTPRequestOperation.m in Sources */,
				65B9F4401462F8E900AC907F /* AFImageCache.m in Sources */,
				65B9F4411462F8E900AC907F /* AFImageRequestOperation.m in Sources */,
				65B9F4421462F8E900AC907F /* AFJSONRequestOperation.m in Sources */,
				65B9F4431462F8E900AC907F /* AFNetworkActivityIndicatorManager.m in Sources */,
				65B9F4441462F8E900AC907F /* AFPropertyListRequestOperation.m in Sources */,
				65B9F4451462F8E900AC907F /* AFURLConnectionOperation.m in Sources */,
				65B9F4461462F8E900AC907F /* AFXMLRequestOperation.m in Sources */,
				65B9F4471462F8E900AC907F /* UIImageView+AFNetworking.m in Sources */,
				65B9F4641464886000AC907F /* VenuePicker.m in Sources */,
				65B9F46714649A9C00AC907F /* HyperpublicAPI.m in Sources */,
				65B9F46A14649AAE00AC907F /* HPVenue.m in Sources */,
				6568C09F146DDFA4002CD1CD /* LoveYourWorkAPI.m in Sources */,
				654980FF1475B312008369C3 /* MBProgressHUD.m in Sources */,
				654981071476C1E4008369C3 /* GlobalFeedViewController.m in Sources */,
				6549810A1476C325008369C3 /* PicViewController.m in Sources */,
				6549811614770DC9008369C3 /* GlobalFeedItemViewController.m in Sources */,
			);
			runOnlyForDeploymentPostprocessing = 0;
		};
/* End PBXSourcesBuildPhase section */

/* Begin PBXVariantGroup section */
		65B9F4041462F87900AC907F /* InfoPlist.strings */ = {
			isa = PBXVariantGroup;
			children = (
				65B9F4051462F87900AC907F /* en */,
			);
			name = InfoPlist.strings;
			sourceTree = "<group>";
		};
		65B9F40D1462F87900AC907F /* MainStoryboard.storyboard */ = {
			isa = PBXVariantGroup;
			children = (
				65B9F40E1462F87900AC907F /* en */,
			);
			name = MainStoryboard.storyboard;
			path = LoveYourWork;
			sourceTree = "<group>";
		};
/* End PBXVariantGroup section */

/* Begin XCBuildConfiguration section */
		65B9F41E1462F87900AC907F /* Debug */ = {
			isa = XCBuildConfiguration;
			buildSettings = {
				ALWAYS_SEARCH_USER_PATHS = NO;
				ARCHS = "$(ARCHS_STANDARD_32_BIT)";
				CLANG_ENABLE_OBJC_ARC = YES;
				"CODE_SIGN_IDENTITY[sdk=iphoneos*]" = "iPhone Developer";
				COPY_PHASE_STRIP = NO;
				GCC_C_LANGUAGE_STANDARD = gnu99;
				GCC_DYNAMIC_NO_PIC = NO;
				GCC_OPTIMIZATION_LEVEL = 0;
				GCC_PREPROCESSOR_DEFINITIONS = (
					"DEBUG=1",
					"$(inherited)",
				);
				GCC_SYMBOLS_PRIVATE_EXTERN = NO;
				GCC_VERSION = com.apple.compilers.llvm.clang.1_0;
				GCC_WARN_ABOUT_MISSING_PROTOTYPES = YES;
				GCC_WARN_ABOUT_RETURN_TYPE = YES;
				GCC_WARN_UNUSED_VARIABLE = YES;
				IPHONEOS_DEPLOYMENT_TARGET = 5.0;
				SDKROOT = iphoneos;
			};
			name = Debug;
		};
		65B9F41F1462F87900AC907F /* Release */ = {
			isa = XCBuildConfiguration;
			buildSettings = {
				ALWAYS_SEARCH_USER_PATHS = NO;
				ARCHS = "$(ARCHS_STANDARD_32_BIT)";
				CLANG_ENABLE_OBJC_ARC = YES;
				"CODE_SIGN_IDENTITY[sdk=iphoneos*]" = "iPhone Developer";
				COPY_PHASE_STRIP = YES;
				GCC_C_LANGUAGE_STANDARD = gnu99;
				GCC_VERSION = com.apple.compilers.llvm.clang.1_0;
				GCC_WARN_ABOUT_MISSING_PROTOTYPES = YES;
				GCC_WARN_ABOUT_RETURN_TYPE = YES;
				GCC_WARN_UNUSED_VARIABLE = YES;
				IPHONEOS_DEPLOYMENT_TARGET = 5.0;
				OTHER_CFLAGS = "-DNS_BLOCK_ASSERTIONS=1";
				SDKROOT = iphoneos;
				VALIDATE_PRODUCT = YES;
			};
			name = Release;
		};
		65B9F4211462F87900AC907F /* Debug */ = {
			isa = XCBuildConfiguration;
			buildSettings = {
				GCC_PRECOMPILE_PREFIX_HEADER = YES;
				GCC_PREFIX_HEADER = "LoveYourWork/LoveYourWork-Prefix.pch";
				INFOPLIST_FILE = "LoveYourWork/LoveYourWork-Info.plist";
				PRODUCT_NAME = "$(TARGET_NAME)";
				WRAPPER_EXTENSION = app;
			};
			name = Debug;
		};
		65B9F4221462F87900AC907F /* Release */ = {
			isa = XCBuildConfiguration;
			buildSettings = {
				GCC_PRECOMPILE_PREFIX_HEADER = YES;
				GCC_PREFIX_HEADER = "LoveYourWork/LoveYourWork-Prefix.pch";
				INFOPLIST_FILE = "LoveYourWork/LoveYourWork-Info.plist";
				PRODUCT_NAME = "$(TARGET_NAME)";
				WRAPPER_EXTENSION = app;
			};
			name = Release;
		};
/* End XCBuildConfiguration section */

/* Begin XCConfigurationList section */
		65B9F3F11462F87800AC907F /* Build configuration list for PBXProject "LoveYourWork" */ = {
			isa = XCConfigurationList;
			buildConfigurations = (
				65B9F41E1462F87900AC907F /* Debug */,
				65B9F41F1462F87900AC907F /* Release */,
			);
			defaultConfigurationIsVisible = 0;
			defaultConfigurationName = Release;
		};
		65B9F4201462F87900AC907F /* Build configuration list for PBXNativeTarget "LoveYourWork" */ = {
			isa = XCConfigurationList;
			buildConfigurations = (
				65B9F4211462F87900AC907F /* Debug */,
				65B9F4221462F87900AC907F /* Release */,
			);
			defaultConfigurationIsVisible = 0;
			defaultConfigurationName = Release;
		};
/* End XCConfigurationList section */
	};
	rootObject = 65B9F3EE1462F87800AC907F /* Project object */;
}
